
Microsoft Visual Studio Solution File, Format Version 12.00
# Visual Studio Version 17
VisualStudioVersion = 17.3.32901.215
MinimumVisualStudioVersion = 10.0.40219.1
Project("{9A19103F-16F7-4668-BE54-9A1E7A4F7556}") = "Lab1", "Lab1\Lab1.csproj", "{ED0A2976-ED04-461E-BE88-84D91514D142}"
EndProject
Project("{9A19103F-16F7-4668-BE54-9A1E7A4F7556}") = "Lab1.1", "Lab1.1\Lab1.1.csproj", "{A6CF8A99-1937-428A-9A2B-E4CD6E6674C8}"
EndProject
Project("{9A19103F-16F7-4668-BE54-9A1E7A4F7556}") = "Lab1.2", "Lab1.2\Lab1.2.csproj", "{8E85E3A6-5E9C-443F-B974-72CCE7BDC20E}"
EndProject
Project("{9A19103F-16F7-4668-BE54-9A1E7A4F7556}") = "Lab2", "Lab2\Lab2.csproj", "{90F0655F-EE68-4CCA-BF25-624598EB7258}"
EndProject
Project("{9A19103F-16F7-4668-BE54-9A1E7A4F7556}") = "Lab3", "Lab3\Lab3.csproj", "{A613B649-1C2C-4A3E-A23C-13D19664A83F}"
EndProject
Project("{9A19103F-16F7-4668-BE54-9A1E7A4F7556}") = "Lab3.1", "Lab3.1\Lab3.1.csproj", "{73E9C6B5-EA32-40E8-8324-A89D7108F4A5}"
EndProject
Project("{9A19103F-16F7-4668-BE54-9A1E7A4F7556}") = "Lab4", "Lab4\Lab4.csproj", "{E53BBF9A-3E2C-45C2-9F4E-6E93A5556044}"
EndProject
Project("{FAE04EC0-301F-11D3-BF4B-00C04F79EFBC}") = "Lab5", "Lab5\Lab5.csproj", "{1C4EB614-5515-48F4-AEB3-C6B50162FBB5}"
EndProject
Global
	GlobalSection(SolutionConfigurationPlatforms) = preSolution
		Debug|Any CPU = Debug|Any CPU
		Release|Any CPU = Release|Any CPU
	EndGlobalSection
	GlobalSection(ProjectConfigurationPlatforms) = postSolution
		{ED0A2976-ED04-461E-BE88-84D91514D142}.Debug|Any CPU.ActiveCfg = Debug|Any CPU
		{ED0A2976-ED04-461E-BE88-84D91514D142}.Debug|Any CPU.Build.0 = Debug|Any CPU
		{ED0A2976-ED04-461E-BE88-84D91514D142}.Release|Any CPU.ActiveCfg = Release|Any CPU
		{ED0A2976-ED04-461E-BE88-84D91514D142}.Release|Any CPU.Build.0 = Release|Any CPU
		{A6CF8A99-1937-428A-9A2B-E4CD6E6674C8}.Debug|Any CPU.ActiveCfg = Debug|Any CPU
		{A6CF8A99-1937-428A-9A2B-E4CD6E6674C8}.Debug|Any CPU.Build.0 = Debug|Any CPU
		{A6CF8A99-1937-428A-9A2B-E4CD6E6674C8}.Release|Any CPU.ActiveCfg = Release|Any CPU
		{A6CF8A99-1937-428A-9A2B-E4CD6E6674C8}.Release|Any CPU.Build.0 = Release|Any CPU
		{8E85E3A6-5E9C-443F-B974-72CCE7BDC20E}.Debug|Any CPU.ActiveCfg = Debug|Any CPU
		{8E85E3A6-5E9C-443F-B974-72CCE7BDC20E}.Debug|Any CPU.Build.0 = Debug|Any CPU
		{8E85E3A6-5E9C-443F-B974-72CCE7BDC20E}.Release|Any CPU.ActiveCfg = Release|Any CPU
		{8E85E3A6-5E9C-443F-B974-72CCE7BDC20E}.Release|Any CPU.Build.0 = Release|Any CPU
		{90F0655F-EE68-4CCA-BF25-624598EB7258}.Debug|Any CPU.ActiveCfg = Debug|Any CPU
		{90F0655F-EE68-4CCA-BF25-624598EB7258}.Debug|Any CPU.Build.0 = Debug|Any CPU
		{90F0655F-EE68-4CCA-BF25-624598EB7258}.Release|Any CPU.ActiveCfg = Release|Any CPU
		{90F0655F-EE68-4CCA-BF25-624598EB7258}.Release|Any CPU.Build.0 = Release|Any CPU
		{A613B649-1C2C-4A3E-A23C-13D19664A83F}.Debug|Any CPU.ActiveCfg = Debug|Any CPU
		{A613B649-1C2C-4A3E-A23C-13D19664A83F}.Debug|Any CPU.Build.0 = Debug|Any CPU
		{A613B649-1C2C-4A3E-A23C-13D19664A83F}.Release|Any CPU.ActiveCfg = Release|Any CPU
		{A613B649-1C2C-4A3E-A23C-13D19664A83F}.Release|Any CPU.Build.0 = Release|Any CPU
		{73E9C6B5-EA32-40E8-8324-A89D7108F4A5}.Debug|Any CPU.ActiveCfg = Debug|Any CPU
		{73E9C6B5-EA32-40E8-8324-A89D7108F4A5}.Debug|Any CPU.Build.0 = Debug|Any CPU
		{73E9C6B5-EA32-40E8-8324-A89D7108F4A5}.Release|Any CPU.ActiveCfg = Release|Any CPU
		{73E9C6B5-EA32-40E8-8324-A89D7108F4A5}.Release|Any CPU.Build.0 = Release|Any CPU
		{E53BBF9A-3E2C-45C2-9F4E-6E93A5556044}.Debug|Any CPU.ActiveCfg = Debug|Any CPU
		{E53BBF9A-3E2C-45C2-9F4E-6E93A5556044}.Debug|Any CPU.Build.0 = Debug|Any CPU
		{E53BBF9A-3E2C-45C2-9F4E-6E93A5556044}.Release|Any CPU.ActiveCfg = Release|Any CPU
		{E53BBF9A-3E2C-45C2-9F4E-6E93A5556044}.Release|Any CPU.Build.0 = Release|Any CPU
		{1C4EB614-5515-48F4-AEB3-C6B50162FBB5}.Debug|Any CPU.ActiveCfg = Debug|Any CPU
		{1C4EB614-5515-48F4-AEB3-C6B50162FBB5}.Debug|Any CPU.Build.0 = Debug|Any CPU
		{1C4EB614-5515-48F4-AEB3-C6B50162FBB5}.Release|Any CPU.ActiveCfg = Release|Any CPU
		{1C4EB614-5515-48F4-AEB3-C6B50162FBB5}.Release|Any CPU.Build.0 = Release|Any CPU
	EndGlobalSection
	GlobalSection(SolutionProperties) = preSolution
		HideSolutionNode = FALSE
	EndGlobalSection
	GlobalSection(ExtensibilityGlobals) = postSolution
		SolutionGuid = {D9475F28-0AA0-4731-9B3D-7DF75195EEA7}
	EndGlobalSection
EndGlobal
